// !$*UTF8*$!
{
	archiveVersion = 1;
	classes = {
	};
	objectVersion = 46;
	objects = {

/* Begin PBXBuildFile section */
		2FD6EE1E1D615A08007E66E1 /* AppDelegate.swift in Sources */ = {isa = PBXBuildFile; fileRef = 2FD6EE1D1D615A08007E66E1 /* AppDelegate.swift */; };
		2FD6EE201D615A08007E66E1 /* ViewController.swift in Sources */ = {isa = PBXBuildFile; fileRef = 2FD6EE1F1D615A08007E66E1 /* ViewController.swift */; };
		2FD6EE231D615A08007E66E1 /* Main.storyboard in Resources */ = {isa = PBXBuildFile; fileRef = 2FD6EE211D615A08007E66E1 /* Main.storyboard */; };
		2FD6EE251D615A08007E66E1 /* Assets.xcassets in Resources */ = {isa = PBXBuildFile; fileRef = 2FD6EE241D615A08007E66E1 /* Assets.xcassets */; };
		2FD6EE281D615A08007E66E1 /* LaunchScreen.storyboard in Resources */ = {isa = PBXBuildFile; fileRef = 2FD6EE261D615A08007E66E1 /* LaunchScreen.storyboard */; };
		2FD6EE301D615C89007E66E1 /* LoginViewController.swift in Sources */ = {isa = PBXBuildFile; fileRef = 2FD6EE2F1D615C89007E66E1 /* LoginViewController.swift */; };
		2FD6EE321D615C9E007E66E1 /* HomeViewController.swift in Sources */ = {isa = PBXBuildFile; fileRef = 2FD6EE311D615C9E007E66E1 /* HomeViewController.swift */; };
		2FD6EE341D615CB7007E66E1 /* ImageSelectViewController.swift in Sources */ = {isa = PBXBuildFile; fileRef = 2FD6EE331D615CB7007E66E1 /* ImageSelectViewController.swift */; };
		2FD6EE361D615CCC007E66E1 /* PostViewController.swift in Sources */ = {isa = PBXBuildFile; fileRef = 2FD6EE351D615CCC007E66E1 /* PostViewController.swift */; };
		2FD6EE381D615CE2007E66E1 /* SettingViewController.swift in Sources */ = {isa = PBXBuildFile; fileRef = 2FD6EE371D615CE2007E66E1 /* SettingViewController.swift */; };
		2FD6EE3A1D61859E007E66E1 /* GoogleService-Info.plist in Resources */ = {isa = PBXBuildFile; fileRef = 2FD6EE391D61859E007E66E1 /* GoogleService-Info.plist */; };
		2FD6EE3C1D618B54007E66E1 /* Const.swift in Sources */ = {isa = PBXBuildFile; fileRef = 2FD6EE3B1D618B54007E66E1 /* Const.swift */; };
		2FD6EE3F1D61D5A7007E66E1 /* AdobeCreativeSDKCore.framework in Frameworks */ = {isa = PBXBuildFile; fileRef = 2FD6EE3D1D61D5A6007E66E1 /* AdobeCreativeSDKCore.framework */; };
		2FD6EE401D61D5A7007E66E1 /* AdobeCreativeSDKImage.framework in Frameworks */ = {isa = PBXBuildFile; fileRef = 2FD6EE3E1D61D5A7007E66E1 /* AdobeCreativeSDKImage.framework */; };
		2FD6EE421D61D618007E66E1 /* AdobeCreativeSDKCoreResources.bundle in Resources */ = {isa = PBXBuildFile; fileRef = 2FD6EE411D61D618007E66E1 /* AdobeCreativeSDKCoreResources.bundle */; };
		2FD6EE461D61D6F2007E66E1 /* AdobeCreativeSDKImageResources.bundle in Resources */ = {isa = PBXBuildFile; fileRef = 2FD6EE451D61D6F2007E66E1 /* AdobeCreativeSDKImageResources.bundle */; };
		2FD6EE481D61DE7D007E66E1 /* libc++.tbd in Frameworks */ = {isa = PBXBuildFile; fileRef = 2FD6EE471D61DE7D007E66E1 /* libc++.tbd */; };
		2FD6EE4C1D61DEA2007E66E1 /* libz.1.2.5.tbd in Frameworks */ = {isa = PBXBuildFile; fileRef = 2FD6EE4B1D61DEA2007E66E1 /* libz.1.2.5.tbd */; };
		2FD6EE4E1D61DEB7007E66E1 /* libsqlite3.0.tbd in Frameworks */ = {isa = PBXBuildFile; fileRef = 2FD6EE4D1D61DEB7007E66E1 /* libsqlite3.0.tbd */; };
		2FD6EE501D61DECA007E66E1 /* MobileCoreServices.framework in Frameworks */ = {isa = PBXBuildFile; fileRef = 2FD6EE4F1D61DECA007E66E1 /* MobileCoreServices.framework */; };
		2FD6EE541D61DEED007E66E1 /* Accelerate.framework in Frameworks */ = {isa = PBXBuildFile; fileRef = 2FD6EE531D61DEED007E66E1 /* Accelerate.framework */; };
		2FD6EE561D61DEFA007E66E1 /* CoreData.framework in Frameworks */ = {isa = PBXBuildFile; fileRef = 2FD6EE551D61DEFA007E66E1 /* CoreData.framework */; };
		2FD6EE581D61DF0A007E66E1 /* MessageUI.framework in Frameworks */ = {isa = PBXBuildFile; fileRef = 2FD6EE571D61DF0A007E66E1 /* MessageUI.framework */; };
		2FD6EE5A1D61DF15007E66E1 /* OpenGLES.framework in Frameworks */ = {isa = PBXBuildFile; fileRef = 2FD6EE591D61DF15007E66E1 /* OpenGLES.framework */; };
		2FD6EE5C1D61DF25007E66E1 /* QuartzCore.framework in Frameworks */ = {isa = PBXBuildFile; fileRef = 2FD6EE5B1D61DF25007E66E1 /* QuartzCore.framework */; };
		2FD6EE5E1D61DF30007E66E1 /* StoreKit.framework in Frameworks */ = {isa = PBXBuildFile; fileRef = 2FD6EE5D1D61DF30007E66E1 /* StoreKit.framework */; };
		2FD6EE601D61DF9D007E66E1 /* UIKit.framework in Frameworks */ = {isa = PBXBuildFile; fileRef = 2FD6EE5F1D61DF9D007E66E1 /* UIKit.framework */; };
		2FD6EE621D61DFDE007E66E1 /* Foundation.framework in Frameworks */ = {isa = PBXBuildFile; fileRef = 2FD6EE611D61DFDE007E66E1 /* Foundation.framework */; };
		2FD6EE681D62B5AB007E66E1 /* PostData.swift in Sources */ = {isa = PBXBuildFile; fileRef = 2FD6EE671D62B5AB007E66E1 /* PostData.swift */; };
		2FD6EE6B1D62B678007E66E1 /* PostTableViewCell.swift in Sources */ = {isa = PBXBuildFile; fileRef = 2FD6EE691D62B678007E66E1 /* PostTableViewCell.swift */; };
		2FD6EE6C1D62B678007E66E1 /* PostTableViewCell.xib in Resources */ = {isa = PBXBuildFile; fileRef = 2FD6EE6A1D62B678007E66E1 /* PostTableViewCell.xib */; };
		9127D2C2469951092BD26CC0 /* Pods_Instagram.framework in Frameworks */ = {isa = PBXBuildFile; fileRef = 46BB5DDFBAF6643791950425 /* Pods_Instagram.framework */; };
/* End PBXBuildFile section */

/* Begin PBXFileReference section */
		121C32150D23FAB48253F3A6 /* Pods-Instagram.debug.xcconfig */ = {isa = PBXFileReference; includeInIndex = 1; lastKnownFileType = text.xcconfig; name = "Pods-Instagram.debug.xcconfig"; path = "Pods/Target Support Files/Pods-Instagram/Pods-Instagram.debug.xcconfig"; sourceTree = "<group>"; };
		2FD6EE1A1D615A07007E66E1 /* Instagram.app */ = {isa = PBXFileReference; explicitFileType = wrapper.application; includeInIndex = 0; path = Instagram.app; sourceTree = BUILT_PRODUCTS_DIR; };
		2FD6EE1D1D615A08007E66E1 /* AppDelegate.swift */ = {isa = PBXFileReference; lastKnownFileType = sourcecode.swift; path = AppDelegate.swift; sourceTree = "<group>"; };
		2FD6EE1F1D615A08007E66E1 /* ViewController.swift */ = {isa = PBXFileReference; lastKnownFileType = sourcecode.swift; path = ViewController.swift; sourceTree = "<group>"; };
		2FD6EE221D615A08007E66E1 /* Base */ = {isa = PBXFileReference; lastKnownFileType = file.storyboard; name = Base; path = Base.lproj/Main.storyboard; sourceTree = "<group>"; };
		2FD6EE241D615A08007E66E1 /* Assets.xcassets */ = {isa = PBXFileReference; lastKnownFileType = folder.assetcatalog; path = Assets.xcassets; sourceTree = "<group>"; };
		2FD6EE271D615A08007E66E1 /* Base */ = {isa = PBXFileReference; lastKnownFileType = file.storyboard; name = Base; path = Base.lproj/LaunchScreen.storyboard; sourceTree = "<group>"; };
		2FD6EE291D615A08007E66E1 /* Info.plist */ = {isa = PBXFileReference; lastKnownFileType = text.plist.xml; path = Info.plist; sourceTree = "<group>"; };
		2FD6EE2F1D615C89007E66E1 /* LoginViewController.swift */ = {isa = PBXFileReference; fileEncoding = 4; lastKnownFileType = sourcecode.swift; path = LoginViewController.swift; sourceTree = "<group>"; };
		2FD6EE311D615C9E007E66E1 /* HomeViewController.swift */ = {isa = PBXFileReference; fileEncoding = 4; lastKnownFileType = sourcecode.swift; path = HomeViewController.swift; sourceTree = "<group>"; };
		2FD6EE331D615CB7007E66E1 /* ImageSelectViewController.swift */ = {isa = PBXFileReference; fileEncoding = 4; lastKnownFileType = sourcecode.swift; path = ImageSelectViewController.swift; sourceTree = "<group>"; };
		2FD6EE351D615CCC007E66E1 /* PostViewController.swift */ = {isa = PBXFileReference; fileEncoding = 4; lastKnownFileType = sourcecode.swift; path = PostViewController.swift; sourceTree = "<group>"; };
		2FD6EE371D615CE2007E66E1 /* SettingViewController.swift */ = {isa = PBXFileReference; fileEncoding = 4; lastKnownFileType = sourcecode.swift; path = SettingViewController.swift; sourceTree = "<group>"; };
		2FD6EE391D61859E007E66E1 /* GoogleService-Info.plist */ = {isa = PBXFileReference; fileEncoding = 4; lastKnownFileType = text.plist.xml; path = "GoogleService-Info.plist"; sourceTree = "<group>"; };
		2FD6EE3B1D618B54007E66E1 /* Const.swift */ = {isa = PBXFileReference; fileEncoding = 4; lastKnownFileType = sourcecode.swift; path = Const.swift; sourceTree = "<group>"; };
		2FD6EE3D1D61D5A6007E66E1 /* AdobeCreativeSDKCore.framework */ = {isa = PBXFileReference; lastKnownFileType = wrapper.framework; path = AdobeCreativeSDKCore.framework; sourceTree = "<group>"; };
		2FD6EE3E1D61D5A7007E66E1 /* AdobeCreativeSDKImage.framework */ = {isa = PBXFileReference; lastKnownFileType = wrapper.framework; path = AdobeCreativeSDKImage.framework; sourceTree = "<group>"; };
		2FD6EE411D61D618007E66E1 /* AdobeCreativeSDKCoreResources.bundle */ = {isa = PBXFileReference; lastKnownFileType = "wrapper.plug-in"; path = AdobeCreativeSDKCoreResources.bundle; sourceTree = "<group>"; };
		2FD6EE451D61D6F2007E66E1 /* AdobeCreativeSDKImageResources.bundle */ = {isa = PBXFileReference; lastKnownFileType = "wrapper.plug-in"; path = AdobeCreativeSDKImageResources.bundle; sourceTree = "<group>"; };
		2FD6EE471D61DE7D007E66E1 /* libc++.tbd */ = {isa = PBXFileReference; lastKnownFileType = "sourcecode.text-based-dylib-definition"; name = "libc++.tbd"; path = "usr/lib/libc++.tbd"; sourceTree = SDKROOT; };
		2FD6EE491D61DE8D007E66E1 /* libz.tbd */ = {isa = PBXFileReference; lastKnownFileType = "sourcecode.text-based-dylib-definition"; name = libz.tbd; path = usr/lib/libz.tbd; sourceTree = SDKROOT; };
		2FD6EE4B1D61DEA2007E66E1 /* libz.1.2.5.tbd */ = {isa = PBXFileReference; lastKnownFileType = "sourcecode.text-based-dylib-definition"; name = libz.1.2.5.tbd; path = usr/lib/libz.1.2.5.tbd; sourceTree = SDKROOT; };
		2FD6EE4D1D61DEB7007E66E1 /* libsqlite3.0.tbd */ = {isa = PBXFileReference; lastKnownFileType = "sourcecode.text-based-dylib-definition"; name = libsqlite3.0.tbd; path = usr/lib/libsqlite3.0.tbd; sourceTree = SDKROOT; };
		2FD6EE4F1D61DECA007E66E1 /* MobileCoreServices.framework */ = {isa = PBXFileReference; lastKnownFileType = wrapper.framework; name = MobileCoreServices.framework; path = System/Library/Frameworks/MobileCoreServices.framework; sourceTree = SDKROOT; };
		2FD6EE511D61DEDC007E66E1 /* SystemConfiguration.framework */ = {isa = PBXFileReference; lastKnownFileType = wrapper.framework; name = SystemConfiguration.framework; path = System/Library/Frameworks/SystemConfiguration.framework; sourceTree = SDKROOT; };
		2FD6EE531D61DEED007E66E1 /* Accelerate.framework */ = {isa = PBXFileReference; lastKnownFileType = wrapper.framework; name = Accelerate.framework; path = System/Library/Frameworks/Accelerate.framework; sourceTree = SDKROOT; };
		2FD6EE551D61DEFA007E66E1 /* CoreData.framework */ = {isa = PBXFileReference; lastKnownFileType = wrapper.framework; name = CoreData.framework; path = System/Library/Frameworks/CoreData.framework; sourceTree = SDKROOT; };
		2FD6EE571D61DF0A007E66E1 /* MessageUI.framework */ = {isa = PBXFileReference; lastKnownFileType = wrapper.framework; name = MessageUI.framework; path = System/Library/Frameworks/MessageUI.framework; sourceTree = SDKROOT; };
		2FD6EE591D61DF15007E66E1 /* OpenGLES.framework */ = {isa = PBXFileReference; lastKnownFileType = wrapper.framework; name = OpenGLES.framework; path = System/Library/Frameworks/OpenGLES.framework; sourceTree = SDKROOT; };
		2FD6EE5B1D61DF25007E66E1 /* QuartzCore.framework */ = {isa = PBXFileReference; lastKnownFileType = wrapper.framework; name = QuartzCore.framework; path = System/Library/Frameworks/QuartzCore.framework; sourceTree = SDKROOT; };
		2FD6EE5D1D61DF30007E66E1 /* StoreKit.framework */ = {isa = PBXFileReference; lastKnownFileType = wrapper.framework; name = StoreKit.framework; path = System/Library/Frameworks/StoreKit.framework; sourceTree = SDKROOT; };
		2FD6EE5F1D61DF9D007E66E1 /* UIKit.framework */ = {isa = PBXFileReference; lastKnownFileType = wrapper.framework; name = UIKit.framework; path = System/Library/Frameworks/UIKit.framework; sourceTree = SDKROOT; };
		2FD6EE611D61DFDE007E66E1 /* Foundation.framework */ = {isa = PBXFileReference; lastKnownFileType = wrapper.framework; name = Foundation.framework; path = System/Library/Frameworks/Foundation.framework; sourceTree = SDKROOT; };
		2FD6EE641D61ED3D007E66E1 /* Instagram-Bridging-Header.h */ = {isa = PBXFileReference; lastKnownFileType = sourcecode.c.h; path = "Instagram-Bridging-Header.h"; sourceTree = "<group>"; };
		2FD6EE671D62B5AB007E66E1 /* PostData.swift */ = {isa = PBXFileReference; fileEncoding = 4; lastKnownFileType = sourcecode.swift; path = PostData.swift; sourceTree = "<group>"; };
		2FD6EE691D62B678007E66E1 /* PostTableViewCell.swift */ = {isa = PBXFileReference; fileEncoding = 4; lastKnownFileType = sourcecode.swift; path = PostTableViewCell.swift; sourceTree = "<group>"; };
		2FD6EE6A1D62B678007E66E1 /* PostTableViewCell.xib */ = {isa = PBXFileReference; fileEncoding = 4; lastKnownFileType = file.xib; path = PostTableViewCell.xib; sourceTree = "<group>"; };
		46BB5DDFBAF6643791950425 /* Pods_Instagram.framework */ = {isa = PBXFileReference; explicitFileType = wrapper.framework; includeInIndex = 0; path = Pods_Instagram.framework; sourceTree = BUILT_PRODUCTS_DIR; };
		FCF4E3E15E84F94D3C4DF4A0 /* Pods-Instagram.release.xcconfig */ = {isa = PBXFileReference; includeInIndex = 1; lastKnownFileType = text.xcconfig; name = "Pods-Instagram.release.xcconfig"; path = "Pods/Target Support Files/Pods-Instagram/Pods-Instagram.release.xcconfig"; sourceTree = "<group>"; };
/* End PBXFileReference section */

/* Begin PBXFrameworksBuildPhase section */
		2FD6EE171D615A07007E66E1 /* Frameworks */ = {
			isa = PBXFrameworksBuildPhase;
			buildActionMask = 2147483647;
			files = (
				2FD6EE621D61DFDE007E66E1 /* Foundation.framework in Frameworks */,
				2FD6EE601D61DF9D007E66E1 /* UIKit.framework in Frameworks */,
				2FD6EE5E1D61DF30007E66E1 /* StoreKit.framework in Frameworks */,
				2FD6EE5C1D61DF25007E66E1 /* QuartzCore.framework in Frameworks */,
				2FD6EE5A1D61DF15007E66E1 /* OpenGLES.framework in Frameworks */,
				2FD6EE581D61DF0A007E66E1 /* MessageUI.framework in Frameworks */,
				2FD6EE561D61DEFA007E66E1 /* CoreData.framework in Frameworks */,
				2FD6EE541D61DEED007E66E1 /* Accelerate.framework in Frameworks */,
				2FD6EE501D61DECA007E66E1 /* MobileCoreServices.framework in Frameworks */,
				2FD6EE4E1D61DEB7007E66E1 /* libsqlite3.0.tbd in Frameworks */,
				2FD6EE4C1D61DEA2007E66E1 /* libz.1.2.5.tbd in Frameworks */,
				2FD6EE481D61DE7D007E66E1 /* libc++.tbd in Frameworks */,
				9127D2C2469951092BD26CC0 /* Pods_Instagram.framework in Frameworks */,
				2FD6EE401D61D5A7007E66E1 /* AdobeCreativeSDKImage.framework in Frameworks */,
				2FD6EE3F1D61D5A7007E66E1 /* AdobeCreativeSDKCore.framework in Frameworks */,
			);
			runOnlyForDeploymentPostprocessing = 0;
		};
/* End PBXFrameworksBuildPhase section */

/* Begin PBXGroup section */
		041BB59038731CCA43D38745 /* Frameworks */ = {
			isa = PBXGroup;
			children = (
				2FD6EE611D61DFDE007E66E1 /* Foundation.framework */,
				2FD6EE5F1D61DF9D007E66E1 /* UIKit.framework */,
				2FD6EE5D1D61DF30007E66E1 /* StoreKit.framework */,
				2FD6EE5B1D61DF25007E66E1 /* QuartzCore.framework */,
				2FD6EE591D61DF15007E66E1 /* OpenGLES.framework */,
				2FD6EE571D61DF0A007E66E1 /* MessageUI.framework */,
				2FD6EE551D61DEFA007E66E1 /* CoreData.framework */,
				2FD6EE531D61DEED007E66E1 /* Accelerate.framework */,
				2FD6EE511D61DEDC007E66E1 /* SystemConfiguration.framework */,
				2FD6EE4F1D61DECA007E66E1 /* MobileCoreServices.framework */,
				2FD6EE4D1D61DEB7007E66E1 /* libsqlite3.0.tbd */,
				2FD6EE4B1D61DEA2007E66E1 /* libz.1.2.5.tbd */,
				2FD6EE491D61DE8D007E66E1 /* libz.tbd */,
				2FD6EE471D61DE7D007E66E1 /* libc++.tbd */,
				46BB5DDFBAF6643791950425 /* Pods_Instagram.framework */,
			);
			name = Frameworks;
			sourceTree = "<group>";
		};
		2FD6EE111D615A07007E66E1 = {
			isa = PBXGroup;
			children = (
				2FD6EE641D61ED3D007E66E1 /* Instagram-Bridging-Header.h */,
				2FD6EE1C1D615A08007E66E1 /* Instagram */,
				2FD6EE1B1D615A07007E66E1 /* Products */,
				422B027E1AFBCFA28D37B17E /* Pods */,
				041BB59038731CCA43D38745 /* Frameworks */,
			);
			sourceTree = "<group>";
		};
		2FD6EE1B1D615A07007E66E1 /* Products */ = {
			isa = PBXGroup;
			children = (
				2FD6EE1A1D615A07007E66E1 /* Instagram.app */,
			);
			name = Products;
			sourceTree = "<group>";
		};
		2FD6EE1C1D615A08007E66E1 /* Instagram */ = {
			isa = PBXGroup;
			children = (
				2FD6EE3D1D61D5A6007E66E1 /* AdobeCreativeSDKCore.framework */,
				2FD6EE3E1D61D5A7007E66E1 /* AdobeCreativeSDKImage.framework */,
				2FD6EE451D61D6F2007E66E1 /* AdobeCreativeSDKImageResources.bundle */,
				2FD6EE411D61D618007E66E1 /* AdobeCreativeSDKCoreResources.bundle */,
				2FD6EE1D1D615A08007E66E1 /* AppDelegate.swift */,
				2FD6EE1F1D615A08007E66E1 /* ViewController.swift */,
				2FD6EE3B1D618B54007E66E1 /* Const.swift */,
				2FD6EE2F1D615C89007E66E1 /* LoginViewController.swift */,
				2FD6EE311D615C9E007E66E1 /* HomeViewController.swift */,
				2FD6EE331D615CB7007E66E1 /* ImageSelectViewController.swift */,
				2FD6EE351D615CCC007E66E1 /* PostViewController.swift */,
				2FD6EE371D615CE2007E66E1 /* SettingViewController.swift */,
				2FD6EE671D62B5AB007E66E1 /* PostData.swift */,
				2FD6EE691D62B678007E66E1 /* PostTableViewCell.swift */,
				2FD6EE6A1D62B678007E66E1 /* PostTableViewCell.xib */,
				2FD6EE211D615A08007E66E1 /* Main.storyboard */,
				2FD6EE241D615A08007E66E1 /* Assets.xcassets */,
				2FD6EE261D615A08007E66E1 /* LaunchScreen.storyboard */,
				2FD6EE291D615A08007E66E1 /* Info.plist */,
				2FD6EE391D61859E007E66E1 /* GoogleService-Info.plist */,
			);
			path = Instagram;
			sourceTree = "<group>";
		};
		422B027E1AFBCFA28D37B17E /* Pods */ = {
			isa = PBXGroup;
			children = (
				121C32150D23FAB48253F3A6 /* Pods-Instagram.debug.xcconfig */,
				FCF4E3E15E84F94D3C4DF4A0 /* Pods-Instagram.release.xcconfig */,
			);
			name = Pods;
			sourceTree = "<group>";
		};
/* End PBXGroup section */

/* Begin PBXNativeTarget section */
		2FD6EE191D615A07007E66E1 /* Instagram */ = {
			isa = PBXNativeTarget;
			buildConfigurationList = 2FD6EE2C1D615A08007E66E1 /* Build configuration list for PBXNativeTarget "Instagram" */;
			buildPhases = (
				11F5DBDF85CC87E5C76D8584 /* [CP] Check Pods Manifest.lock */,
				2FD6EE161D615A07007E66E1 /* Sources */,
				2FD6EE171D615A07007E66E1 /* Frameworks */,
				2FD6EE181D615A07007E66E1 /* Resources */,
				74624C94744172109BA9E179 /* [CP] Embed Pods Frameworks */,
				4E134B8C1BD3B243909BD3D7 /* [CP] Copy Pods Resources */,
			);
			buildRules = (
			);
			dependencies = (
			);
			name = Instagram;
			productName = Instagram;
			productReference = 2FD6EE1A1D615A07007E66E1 /* Instagram.app */;
			productType = "com.apple.product-type.application";
		};
/* End PBXNativeTarget section */

/* Begin PBXProject section */
		2FD6EE121D615A07007E66E1 /* Project object */ = {
			isa = PBXProject;
			attributes = {
				LastSwiftUpdateCheck = 0730;
				LastUpgradeCheck = 0730;
				ORGANIZATIONNAME = masahiro.kitamura;
				TargetAttributes = {
					2FD6EE191D615A07007E66E1 = {
						CreatedOnToolsVersion = 7.3.1;
					};
				};
			};
			buildConfigurationList = 2FD6EE151D615A07007E66E1 /* Build configuration list for PBXProject "Instagram" */;
			compatibilityVersion = "Xcode 3.2";
			developmentRegion = English;
			hasScannedForEncodings = 0;
			knownRegions = (
				en,
				Base,
			);
			mainGroup = 2FD6EE111D615A07007E66E1;
			productRefGroup = 2FD6EE1B1D615A07007E66E1 /* Products */;
			projectDirPath = "";
			projectRoot = "";
			targets = (
				2FD6EE191D615A07007E66E1 /* Instagram */,
			);
		};
/* End PBXProject section */

/* Begin PBXResourcesBuildPhase section */
		2FD6EE181D615A07007E66E1 /* Resources */ = {
			isa = PBXResourcesBuildPhase;
			buildActionMask = 2147483647;
			files = (
				2FD6EE281D615A08007E66E1 /* LaunchScreen.storyboard in Resources */,
				2FD6EE461D61D6F2007E66E1 /* AdobeCreativeSDKImageResources.bundle in Resources */,
				2FD6EE421D61D618007E66E1 /* AdobeCreativeSDKCoreResources.bundle in Resources */,
				2FD6EE3A1D61859E007E66E1 /* GoogleService-Info.plist in Resources */,
				2FD6EE6C1D62B678007E66E1 /* PostTableViewCell.xib in Resources */,
				2FD6EE251D615A08007E66E1 /* Assets.xcassets in Resources */,
				2FD6EE231D615A08007E66E1 /* Main.storyboard in Resources */,
			);
			runOnlyForDeploymentPostprocessing = 0;
		};
/* End PBXResourcesBuildPhase section */

/* Begin PBXShellScriptBuildPhase section */
		11F5DBDF85CC87E5C76D8584 /* [CP] Check Pods Manifest.lock */ = {
			isa = PBXShellScriptBuildPhase;
			buildActionMask = 2147483647;
			files = (
			);
			inputPaths = (
			);
			name = "[CP] Check Pods Manifest.lock";
			outputPaths = (
			);
			runOnlyForDeploymentPostprocessing = 0;
			shellPath = /bin/sh;
			shellScript = "diff \"${PODS_ROOT}/../Podfile.lock\" \"${PODS_ROOT}/Manifest.lock\" > /dev/null\nif [[ $? != 0 ]] ; then\n    cat << EOM\nerror: The sandbox is not in sync with the Podfile.lock. Run 'pod install' or update your CocoaPods installation.\nEOM\n    exit 1\nfi\n";
			showEnvVarsInLog = 0;
		};
		4E134B8C1BD3B243909BD3D7 /* [CP] Copy Pods Resources */ = {
			isa = PBXShellScriptBuildPhase;
			buildActionMask = 2147483647;
			files = (
			);
			inputPaths = (
			);
			name = "[CP] Copy Pods Resources";
			outputPaths = (
			);
			runOnlyForDeploymentPostprocessing = 0;
			shellPath = /bin/sh;
			shellScript = "\"${SRCROOT}/Pods/Target Support Files/Pods-Instagram/Pods-Instagram-resources.sh\"\n";
			showEnvVarsInLog = 0;
		};
		74624C94744172109BA9E179 /* [CP] Embed Pods Frameworks */ = {
			isa = PBXShellScriptBuildPhase;
			buildActionMask = 2147483647;
			files = (
			);
			inputPaths = (
			);
			name = "[CP] Embed Pods Frameworks";
			outputPaths = (
			);
			runOnlyForDeploymentPostprocessing = 0;
			shellPath = /bin/sh;
			shellScript = "\"${SRCROOT}/Pods/Target Support Files/Pods-Instagram/Pods-Instagram-frameworks.sh\"\n";
			showEnvVarsInLog = 0;
		};
/* End PBXShellScriptBuildPhase section */

/* Begin PBXSourcesBuildPhase section */
		2FD6EE161D615A07007E66E1 /* Sources */ = {
			isa = PBXSourcesBuildPhase;
			buildActionMask = 2147483647;
			files = (
				2FD6EE361D615CCC007E66E1 /* PostViewController.swift in Sources */,
				2FD6EE681D62B5AB007E66E1 /* PostData.swift in Sources */,
				2FD6EE301D615C89007E66E1 /* LoginViewController.swift in Sources */,
				2FD6EE201D615A08007E66E1 /* ViewController.swift in Sources */,
				2FD6EE1E1D615A08007E66E1 /* AppDelegate.swift in Sources */,
				2FD6EE341D615CB7007E66E1 /* ImageSelectViewController.swift in Sources */,
				2FD6EE3C1D618B54007E66E1 /* Const.swift in Sources */,
				2FD6EE6B1D62B678007E66E1 /* PostTableViewCell.swift in Sources */,
				2FD6EE381D615CE2007E66E1 /* SettingViewController.swift in Sources */,
				2FD6EE321D615C9E007E66E1 /* HomeViewController.swift in Sources */,
			);
			runOnlyForDeploymentPostprocessing = 0;
		};
/* End PBXSourcesBuildPhase section */

/* Begin PBXVariantGroup section */
		2FD6EE211D615A08007E66E1 /* Main.storyboard */ = {
			isa = PBXVariantGroup;
			children = (
				2FD6EE221D615A08007E66E1 /* Base */,
			);
			name = Main.storyboard;
			sourceTree = "<group>";
		};
		2FD6EE261D615A08007E66E1 /* LaunchScreen.storyboard */ = {
			isa = PBXVariantGroup;
			children = (
				2FD6EE271D615A08007E66E1 /* Base */,
			);
			name = LaunchScreen.storyboard;
			sourceTree = "<group>";
		};
/* End PBXVariantGroup section */

/* Begin XCBuildConfiguration section */
		2FD6EE2A1D615A08007E66E1 /* Debug */ = {
			isa = XCBuildConfiguration;
			buildSettings = {
				ALWAYS_SEARCH_USER_PATHS = NO;
				CLANG_ANALYZER_NONNULL = YES;
				CLANG_CXX_LANGUAGE_STANDARD = "gnu++0x";
				CLANG_CXX_LIBRARY = "libc++";
				CLANG_ENABLE_MODULES = YES;
				CLANG_ENABLE_OBJC_ARC = YES;
				CLANG_WARN_BOOL_CONVERSION = YES;
				CLANG_WARN_CONSTANT_CONVERSION = YES;
				CLANG_WARN_DIRECT_OBJC_ISA_USAGE = YES_ERROR;
				CLANG_WARN_EMPTY_BODY = YES;
				CLANG_WARN_ENUM_CONVERSION = YES;
				CLANG_WARN_INT_CONVERSION = YES;
				CLANG_WARN_OBJC_ROOT_CLASS = YES_ERROR;
				CLANG_WARN_UNREACHABLE_CODE = YES;
				CLANG_WARN__DUPLICATE_METHOD_MATCH = YES;
				"CODE_SIGN_IDENTITY[sdk=iphoneos*]" = "iPhone Developer";
				COPY_PHASE_STRIP = NO;
				DEBUG_INFORMATION_FORMAT = dwarf;
				ENABLE_STRICT_OBJC_MSGSEND = YES;
				ENABLE_TESTABILITY = YES;
				GCC_C_LANGUAGE_STANDARD = gnu99;
				GCC_DYNAMIC_NO_PIC = NO;
				GCC_NO_COMMON_BLOCKS = YES;
				GCC_OPTIMIZATION_LEVEL = 0;
				GCC_PREPROCESSOR_DEFINITIONS = (
					"DEBUG=1",
					"$(inherited)",
				);
				GCC_WARN_64_TO_32_BIT_CONVERSION = YES;
				GCC_WARN_ABOUT_RETURN_TYPE = YES_ERROR;
				GCC_WARN_UNDECLARED_SELECTOR = YES;
				GCC_WARN_UNINITIALIZED_AUTOS = YES_AGGRESSIVE;
				GCC_WARN_UNUSED_FUNCTION = YES;
				GCC_WARN_UNUSED_VARIABLE = YES;
				IPHONEOS_DEPLOYMENT_TARGET = 9.3;
				MTL_ENABLE_DEBUG_INFO = YES;
				ONLY_ACTIVE_ARCH = YES;
				SDKROOT = iphoneos;
				SWIFT_OPTIMIZATION_LEVEL = "-Onone";
			};
			name = Debug;
		};
		2FD6EE2B1D615A08007E66E1 /* Release */ = {
			isa = XCBuildConfiguration;
			buildSettings = {
				ALWAYS_SEARCH_USER_PATHS = NO;
				CLANG_ANALYZER_NONNULL = YES;
				CLANG_CXX_LANGUAGE_STANDARD = "gnu++0x";
				CLANG_CXX_LIBRARY = "libc++";
				CLANG_ENABLE_MODULES = YES;
				CLANG_ENABLE_OBJC_ARC = YES;
				CLANG_WARN_BOOL_CONVERSION = YES;
				CLANG_WARN_CONSTANT_CONVERSION = YES;
				CLANG_WARN_DIRECT_OBJC_ISA_USAGE = YES_ERROR;
				CLANG_WARN_EMPTY_BODY = YES;
				CLANG_WARN_ENUM_CONVERSION = YES;
				CLANG_WARN_INT_CONVERSION = YES;
				CLANG_WARN_OBJC_ROOT_CLASS = YES_ERROR;
				CLANG_WARN_UNREACHABLE_CODE = YES;
				CLANG_WARN__DUPLICATE_METHOD_MATCH = YES;
				"CODE_SIGN_IDENTITY[sdk=iphoneos*]" = "iPhone Developer";
				COPY_PHASE_STRIP = NO;
				DEBUG_INFORMATION_FORMAT = "dwarf-with-dsym";
				ENABLE_NS_ASSERTIONS = NO;
				ENABLE_STRICT_OBJC_MSGSEND = YES;
				GCC_C_LANGUAGE_STANDARD = gnu99;
				GCC_NO_COMMON_BLOCKS = YES;
				GCC_WARN_64_TO_32_BIT_CONVERSION = YES;
				GCC_WARN_ABOUT_RETURN_TYPE = YES_ERROR;
				GCC_WARN_UNDECLARED_SELECTOR = YES;
				GCC_WARN_UNINITIALIZED_AUTOS = YES_AGGRESSIVE;
				GCC_WARN_UNUSED_FUNCTION = YES;
				GCC_WARN_UNUSED_VARIABLE = YES;
				IPHONEOS_DEPLOYMENT_TARGET = 9.3;
				MTL_ENABLE_DEBUG_INFO = NO;
				SDKROOT = iphoneos;
				VALIDATE_PRODUCT = YES;
			};
			name = Release;
		};
		2FD6EE2D1D615A08007E66E1 /* Debug */ = {
			isa = XCBuildConfiguration;
			baseConfigurationReference = 121C32150D23FAB48253F3A6 /* Pods-Instagram.debug.xcconfig */;
			buildSettings = {
				ASSETCATALOG_COMPILER_APPICON_NAME = AppIcon;
				FRAMEWORK_SEARCH_PATHS = (
					"$(inherited)",
					"$(PROJECT_DIR)/Instagram",
				);
				INFOPLIST_FILE = Instagram/Info.plist;
				LD_RUNPATH_SEARCH_PATHS = "$(inherited) @executable_path/Frameworks";
				OTHER_LDFLAGS = (
					"$(inherited)",
					"-ObjC",
					"-l\"c++\"",
					"-l\"icucore\"",
					"-l\"sqlite3\"",
					"-l\"z\"",
					"-framework",
					"\"AdSupport\"",
					"-framework",
					"\"AddressBook\"",
					"-framework",
					"\"CFNetwork\"",
					"-framework",
					"\"CoreGraphics\"",
					"-framework",
					"\"ESTabBarController\"",
					"-framework",
					"\"FirebaseAnalytics\"",
					"-framework",
					"\"FirebaseAuth\"",
					"-framework",
					"\"FirebaseDatabase\"",
					"-framework",
					"\"FirebaseInstanceID\"",
					"-framework",
					"\"GoogleInterchangeUtilities\"",
					"-framework",
					"\"GoogleNetworkingUtilities\"",
					"-framework",
					"\"GoogleParsingUtilities\"",
					"-framework",
					"\"GoogleSymbolUtilities\"",
					"-framework",
					"\"GoogleUtilities\"",
					"-framework",
					"\"SVProgressHUD\"",
					"-framework",
					"\"SafariServices\"",
					"-framework",
					"\"Security\"",
					"-framework",
					"\"StoreKit\"",
					"-framework",
					"\"SystemConfiguration\"",
					"-all_load",
				);
				PRODUCT_BUNDLE_IDENTIFIER = jp.techacademy.masahiro.kitamura.Instagram;
				PRODUCT_NAME = "$(TARGET_NAME)";
				SWIFT_OBJC_BRIDGING_HEADER = "Instagram/Instagram-Bridging-Header.h";
			};
			name = Debug;
		};
		2FD6EE2E1D615A08007E66E1 /* Release */ = {
			isa = XCBuildConfiguration;
			baseConfigurationReference = FCF4E3E15E84F94D3C4DF4A0 /* Pods-Instagram.release.xcconfig */;
			buildSettings = {
				ASSETCATALOG_COMPILER_APPICON_NAME = AppIcon;
				FRAMEWORK_SEARCH_PATHS = (
					"$(inherited)",
					"$(PROJECT_DIR)/Instagram",
				);
				INFOPLIST_FILE = Instagram/Info.plist;
				LD_RUNPATH_SEARCH_PATHS = "$(inherited) @executable_path/Frameworks";
				OTHER_LDFLAGS = (
					"$(inherited)",
					"-ObjC",
					"-l\"c++\"",
					"-l\"icucore\"",
					"-l\"sqlite3\"",
					"-l\"z\"",
					"-framework",
					"\"AdSupport\"",
					"-framework",
					"\"AddressBook\"",
					"-framework",
					"\"CFNetwork\"",
					"-framework",
					"\"CoreGraphics\"",
					"-framework",
					"\"ESTabBarController\"",
					"-framework",
					"\"FirebaseAnalytics\"",
					"-framework",
					"\"FirebaseAuth\"",
					"-framework",
					"\"FirebaseDatabase\"",
					"-framework",
					"\"FirebaseInstanceID\"",
					"-framework",
					"\"GoogleInterchangeUtilities\"",
					"-framework",
					"\"GoogleNetworkingUtilities\"",
					"-framework",
					"\"GoogleParsingUtilities\"",
					"-framework",
					"\"GoogleSymbolUtilities\"",
					"-framework",
					"\"GoogleUtilities\"",
					"-framework",
					"\"SVProgressHUD\"",
					"-framework",
					"\"SafariServices\"",
					"-framework",
					"\"Security\"",
					"-framework",
					"\"StoreKit\"",
					"-framework",
					"\"SystemConfiguration\"",
					"-all_load",
				);
				PRODUCT_BUNDLE_IDENTIFIER = jp.techacademy.masahiro.kitamura.Instagram;
				PRODUCT_NAME = "$(TARGET_NAME)";
				SWIFT_OBJC_BRIDGING_HEADER = "Instagram/Instagram-Bridging-Header.h";
			};
			name = Release;
		};
/* End XCBuildConfiguration section */

/* Begin XCConfigurationList section */
		2FD6EE151D615A07007E66E1 /* Build configuration list for PBXProject "Instagram" */ = {
			isa = XCConfigurationList;
			buildConfigurations = (
				2FD6EE2A1D615A08007E66E1 /* Debug */,
				2FD6EE2B1D615A08007E66E1 /* Release */,
			);
			defaultConfigurationIsVisible = 0;
			defaultConfigurationName = Release;
		};
		2FD6EE2C1D615A08007E66E1 /* Build configuration list for PBXNativeTarget "Instagram" */ = {
			isa = XCConfigurationList;
			buildConfigurations = (
				2FD6EE2D1D615A08007E66E1 /* Debug */,
				2FD6EE2E1D615A08007E66E1 /* Release */,
			);
			defaultConfigurationIsVisible = 0;
			defaultConfigurationName = Release;
		};
/* End XCConfigurationList section */
	};
	rootObject = 2FD6EE121D615A07007E66E1 /* Project object */;
}
